// !$*UTF8*$!
{
	archiveVersion = 1;
	classes = {
	};
	objectVersion = 77;
	objects = {

/* Begin PBXContainerItemProxy section */
		6B180CF22D1BA580009C32B2 /* PBXContainerItemProxy */ = {
			isa = PBXContainerItemProxy;
			containerPortal = 6B180CD32D1BA57E009C32B2 /* Project object */;
			proxyType = 1;
			remoteGlobalIDString = 6B180CDA2D1BA57E009C32B2;
			remoteInfo = AkakceApplication;
		};
		6B180CFC2D1BA580009C32B2 /* PBXContainerItemProxy */ = {
			isa = PBXContainerItemProxy;
			containerPortal = 6B180CD32D1BA57E009C32B2 /* Project object */;
			proxyType = 1;
			remoteGlobalIDString = 6B180CDA2D1BA57E009C32B2;
			remoteInfo = AkakceApplication;
		};
/* End PBXContainerItemProxy section */

/* Begin PBXFileReference section */
		6B180CDB2D1BA57E009C32B2 /* AkakceApplication.app */ = {isa = PBXFileReference; explicitFileType = wrapper.application; includeInIndex = 0; path = AkakceApplication.app; sourceTree = BUILT_PRODUCTS_DIR; };
		6B180CF12D1BA580009C32B2 /* AkakceApplicationTests.xctest */ = {isa = PBXFileReference; explicitFileType = wrapper.cfbundle; includeInIndex = 0; path = AkakceApplicationTests.xctest; sourceTree = BUILT_PRODUCTS_DIR; };
		6B180CFB2D1BA580009C32B2 /* AkakceApplicationUITests.xctest */ = {isa = PBXFileReference; explicitFileType = wrapper.cfbundle; includeInIndex = 0; path = AkakceApplicationUITests.xctest; sourceTree = BUILT_PRODUCTS_DIR; };
/* End PBXFileReference section */

/* Begin PBXFileSystemSynchronizedBuildFileExceptionSet section */
		6B180D032D1BA580009C32B2 /* Exceptions for "AkakceApplication" folder in "AkakceApplication" target */ = {
			isa = PBXFileSystemSynchronizedBuildFileExceptionSet;
			membershipExceptions = (
				Info.plist,
			);
			target = 6B180CDA2D1BA57E009C32B2 /* AkakceApplication */;
		};
/* End PBXFileSystemSynchronizedBuildFileExceptionSet section */

/* Begin PBXFileSystemSynchronizedRootGroup section */
		6B180CDD2D1BA57E009C32B2 /* AkakceApplication */ = {
			isa = PBXFileSystemSynchronizedRootGroup;
			exceptions = (
				6B180D032D1BA580009C32B2 /* Exceptions for "AkakceApplication" folder in "AkakceApplication" target */,
			);
			path = AkakceApplication;
			sourceTree = "<group>";
		};
		6B180CF42D1BA580009C32B2 /* AkakceApplicationTests */ = {
			isa = PBXFileSystemSynchronizedRootGroup;
			path = AkakceApplicationTests;
			sourceTree = "<group>";
		};
		6B180CFE2D1BA580009C32B2 /* AkakceApplicationUITests */ = {
			isa = PBXFileSystemSynchronizedRootGroup;
			path = AkakceApplicationUITests;
			sourceTree = "<group>";
		};
/* End PBXFileSystemSynchronizedRootGroup section */

/* Begin PBXFrameworksBuildPhase section */
		6B180CD82D1BA57E009C32B2 /* Frameworks */ = {
			isa = PBXFrameworksBuildPhase;
			buildActionMask = 2147483647;
			files = (
			);
			runOnlyForDeploymentPostprocessing = 0;
		};
		6B180CEE2D1BA580009C32B2 /* Frameworks */ = {
			isa = PBXFrameworksBuildPhase;
			buildActionMask = 2147483647;
			files = (
			);
			runOnlyForDeploymentPostprocessing = 0;
		};
		6B180CF82D1BA580009C32B2 /* Frameworks */ = {
			isa = PBXFrameworksBuildPhase;
			buildActionMask = 2147483647;
			files = (
			);
			runOnlyForDeploymentPostprocessing = 0;
		};
/* End PBXFrameworksBuildPhase section */

/* Begin PBXGroup section */
		6B180CD22D1BA57E009C32B2 = {
			isa = PBXGroup;
			children = (
				6B180CDD2D1BA57E009C32B2 /* AkakceApplication */,
				6B180CF42D1BA580009C32B2 /* AkakceApplicationTests */,
				6B180CFE2D1BA580009C32B2 /* AkakceApplicationUITests */,
				6B180CDC2D1BA57E009C32B2 /* Products */,
			);
			sourceTree = "<group>";
		};
		6B180CDC2D1BA57E009C32B2 /* Products */ = {
			isa = PBXGroup;
			children = (
				6B180CDB2D1BA57E009C32B2 /* AkakceApplication.app */,
				6B180CF12D1BA580009C32B2 /* AkakceApplicationTests.xctest */,
				6B180CFB2D1BA580009C32B2 /* AkakceApplicationUITests.xctest */,
			);
			name = Products;
			sourceTree = "<group>";
		};
/* End PBXGroup section */

/* Begin PBXNativeTarget section */
		6B180CDA2D1BA57E009C32B2 /* AkakceApplication */ = {
			isa = PBXNativeTarget;
			buildConfigurationList = 6B180D042D1BA580009C32B2 /* Build configuration list for PBXNativeTarget "AkakceApplication" */;
			buildPhases = (
				6B180CD72D1BA57E009C32B2 /* Sources */,
				6B180CD82D1BA57E009C32B2 /* Frameworks */,
				6B180CD92D1BA57E009C32B2 /* Resources */,
			);
			buildRules = (
			);
			dependencies = (
			);
			fileSystemSynchronizedGroups = (
				6B180CDD2D1BA57E009C32B2 /* AkakceApplication */,
			);
			name = AkakceApplication;
			packageProductDependencies = (
			);
			productName = AkakceApplication;
			productReference = 6B180CDB2D1BA57E009C32B2 /* AkakceApplication.app */;
			productType = "com.apple.product-type.application";
		};
		6B180CF02D1BA580009C32B2 /* AkakceApplicationTests */ = {
			isa = PBXNativeTarget;
			buildConfigurationList = 6B180D092D1BA580009C32B2 /* Build configuration list for PBXNativeTarget "AkakceApplicationTests" */;
			buildPhases = (
				6B180CED2D1BA580009C32B2 /* Sources */,
				6B180CEE2D1BA580009C32B2 /* Frameworks */,
				6B180CEF2D1BA580009C32B2 /* Resources */,
			);
			buildRules = (
			);
			dependencies = (
				6B180CF32D1BA580009C32B2 /* PBXTargetDependency */,
			);
			fileSystemSynchronizedGroups = (
				6B180CF42D1BA580009C32B2 /* AkakceApplicationTests */,
			);
			name = AkakceApplicationTests;
			packageProductDependencies = (
			);
			productName = AkakceApplicationTests;
			productReference = 6B180CF12D1BA580009C32B2 /* AkakceApplicationTests.xctest */;
			productType = "com.apple.product-type.bundle.unit-test";
		};
		6B180CFA2D1BA580009C32B2 /* AkakceApplicationUITests */ = {
			isa = PBXNativeTarget;
			buildConfigurationList = 6B180D0C2D1BA580009C32B2 /* Build configuration list for PBXNativeTarget "AkakceApplicationUITests" */;
			buildPhases = (
				6B180CF72D1BA580009C32B2 /* Sources */,
				6B180CF82D1BA580009C32B2 /* Frameworks */,
				6B180CF92D1BA580009C32B2 /* Resources */,
			);
			buildRules = (
			);
			dependencies = (
				6B180CFD2D1BA580009C32B2 /* PBXTargetDependency */,
			);
			fileSystemSynchronizedGroups = (
				6B180CFE2D1BA580009C32B2 /* AkakceApplicationUITests */,
			);
			name = AkakceApplicationUITests;
			packageProductDependencies = (
			);
			productName = AkakceApplicationUITests;
			productReference = 6B180CFB2D1BA580009C32B2 /* AkakceApplicationUITests.xctest */;
			productType = "com.apple.product-type.bundle.ui-testing";
		};
/* End PBXNativeTarget section */

/* Begin PBXProject section */
		6B180CD32D1BA57E009C32B2 /* Project object */ = {
			isa = PBXProject;
			attributes = {
				BuildIndependentTargetsInParallel = 1;
				LastSwiftUpdateCheck = 1620;
				LastUpgradeCheck = 1620;
				TargetAttributes = {
					6B180CDA2D1BA57E009C32B2 = {
						CreatedOnToolsVersion = 16.2;
					};
					6B180CF02D1BA580009C32B2 = {
						CreatedOnToolsVersion = 16.2;
						TestTargetID = 6B180CDA2D1BA57E009C32B2;
					};
					6B180CFA2D1BA580009C32B2 = {
						CreatedOnToolsVersion = 16.2;
						TestTargetID = 6B180CDA2D1BA57E009C32B2;
					};
				};
			};
			buildConfigurationList = 6B180CD62D1BA57E009C32B2 /* Build configuration list for PBXProject "AkakceApplication" */;
			developmentRegion = en;
			hasScannedForEncodings = 0;
			knownRegions = (
				en,
				Base,
			);
			mainGroup = 6B180CD22D1BA57E009C32B2;
			minimizedProjectReferenceProxies = 1;
			preferredProjectObjectVersion = 77;
			productRefGroup = 6B180CDC2D1BA57E009C32B2 /* Products */;
			projectDirPath = "";
			projectRoot = "";
			targets = (
				6B180CDA2D1BA57E009C32B2 /* AkakceApplication */,
				6B180CF02D1BA580009C32B2 /* AkakceApplicationTests */,
				6B180CFA2D1BA580009C32B2 /* AkakceApplicationUITests */,
			);
		};
/* End PBXProject section */

/* Begin PBXResourcesBuildPhase section */
		6B180CD92D1BA57E009C32B2 /* Resources */ = {
			isa = PBXResourcesBuildPhase;
			buildActionMask = 2147483647;
			files = (
			);
			runOnlyForDeploymentPostprocessing = 0;
		};
		6B180CEF2D1BA580009C32B2 /* Resources */ = {
			isa = PBXResourcesBuildPhase;
			buildActionMask = 2147483647;
			files = (
			);
			runOnlyForDeploymentPostprocessing = 0;
		};
		6B180CF92D1BA580009C32B2 /* Resources */ = {
			isa = PBXResourcesBuildPhase;
			buildActionMask = 2147483647;
			files = (
			);
			runOnlyForDeploymentPostprocessing = 0;
		};
/* End PBXResourcesBuildPhase section */

/* Begin PBXSourcesBuildPhase section */
		6B180CD72D1BA57E009C32B2 /* Sources */ = {
			isa = PBXSourcesBuildPhase;
			buildActionMask = 2147483647;
			files = (
			);
			runOnlyForDeploymentPostprocessing = 0;
		};
		6B180CED2D1BA580009C32B2 /* Sources */ = {
			isa = PBXSourcesBuildPhase;
			buildActionMask = 2147483647;
			files = (
			);
			runOnlyForDeploymentPostprocessing = 0;
		};
		6B180CF72D1BA580009C32B2 /* Sources */ = {
			isa = PBXSourcesBuildPhase;
			buildActionMask = 2147483647;
			files = (
			);
			runOnlyForDeploymentPostprocessing = 0;
		};
/* End PBXSourcesBuildPhase section */

/* Begin PBXTargetDependency section */
		6B180CF32D1BA580009C32B2 /* PBXTargetDependency */ = {
			isa = PBXTargetDependency;
			target = 6B180CDA2D1BA57E009C32B2 /* AkakceApplication */;
			targetProxy = 6B180CF22D1BA580009C32B2 /* PBXContainerItemProxy */;
		};
		6B180CFD2D1BA580009C32B2 /* PBXTargetDependency */ = {
			isa = PBXTargetDependency;
			target = 6B180CDA2D1BA57E009C32B2 /* AkakceApplication */;
			targetProxy = 6B180CFC2D1BA580009C32B2 /* PBXContainerItemProxy */;
		};
/* End PBXTargetDependency section */

/* Begin XCBuildConfiguration section */
		6B180D052D1BA580009C32B2 /* Debug */ = {
			isa = XCBuildConfiguration;
			buildSettings = {
				ASSETCATALOG_COMPILER_APPICON_NAME = AppIcon;
				ASSETCATALOG_COMPILER_GLOBAL_ACCENT_COLOR_NAME = AccentColor;
				CODE_SIGN_STYLE = Automatic;
				CURRENT_PROJECT_VERSION = 1;
				GENERATE_INFOPLIST_FILE = YES;
				INFOPLIST_FILE = AkakceApplication/Info.plist;
				INFOPLIST_KEY_UIApplicationSupportsIndirectInputEvents = YES;
				INFOPLIST_KEY_UILaunchStoryboardName = LaunchScreen;
				INFOPLIST_KEY_UIMainStoryboardFile = Main;
				INFOPLIST_KEY_UISupportedInterfaceOrientations_iPad = "UIInterfaceOrientationPortrait UIInterfaceOrientationPortraitUpsideDown UIInterfaceOrientationLandscapeLeft UIInterfaceOrientationLandscapeRight";
				INFOPLIST_KEY_UISupportedInterfaceOrientations_iPhone = "UIInterfaceOrientationPortrait UIInterfaceOrientationLandscapeLeft UIInterfaceOrientationLandscapeRight";
				LD_RUNPATH_SEARCH_PATHS = (
					"$(inherited)",
					"@executable_path/Frameworks",
				);
				MARKETING_VERSION = 1.0;
				PRODUCT_BUNDLE_IDENTIFIER = com.yagizhitit.AkakceApplication;
				PRODUCT_NAME = "$(TARGET_NAME)";
				SWIFT_EMIT_LOC_STRINGS = YES;
				SWIFT_VERSION = 5.0;
				TARGETED_DEVICE_FAMILY = "1,2";
			};
			name = Debug;
		};
		6B180D062D1BA580009C32B2 /* Release */ = {
			isa = XCBuildConfiguration;
			buildSettings = {
				ASSETCATALOG_COMPILER_APPICON_NAME = AppIcon;
				ASSETCATALOG_COMPILER_GLOBAL_ACCENT_COLOR_NAME = AccentColor;
				CODE_SIGN_STYLE = Automatic;
				CURRENT_PROJECT_VERSION = 1;
				GENERATE_INFOPLIST_FILE = YES;
				INFOPLIST_FILE = AkakceApplication/Info.plist;
				INFOPLIST_KEY_UIApplicationSupportsIndirectInputEvents = YES;
				INFOPLIST_KEY_UILaunchStoryboardName = LaunchScreen;
				INFOPLIST_KEY_UIMainStoryboardFile = Main;
				INFOPLIST_KEY_UISupportedInterfaceOrientations_iPad = "UIInterfaceOrientationPortrait UIInterfaceOrientationPortraitUpsideDown UIInterfaceOrientationLandscapeLeft UIInterfaceOrientationLandscapeRight";
				INFOPLIST_KEY_UISupportedInterfaceOrientations_iPhone = "UIInterfaceOrientationPortrait UIInterfaceOrientationLandscapeLeft UIInterfaceOrientationLandscapeRight";
				LD_RUNPATH_SEARCH_PATHS = (
					"$(inherited)",
					"@executable_path/Frameworks",
				);
				MARKETING_VERSION = 1.0;
				PRODUCT_BUNDLE_IDENTIFIER = com.yagizhitit.AkakceApplication;
				PRODUCT_NAME = "$(TARGET_NAME)";
				SWIFT_EMIT_LOC_STRINGS = YES;
				SWIFT_VERSION = 5.0;
				TARGETED_DEVICE_FAMILY = "1,2";
			};
			name = Release;
		};
		6B180D072D1BA580009C32B2 /* Debug */ = {
			isa = XCBuildConfiguration;
			buildSettings = {
				ALWAYS_SEARCH_USER_PATHS = NO;
				ASSETCATALOG_COMPILER_GENERATE_SWIFT_ASSET_SYMBOL_EXTENSIONS = YES;
				CLANG_ANALYZER_NONNULL = YES;
				CLANG_ANALYZER_NUMBER_OBJECT_CONVERSION = YES_AGGRESSIVE;
				CLANG_CXX_LANGUAGE_STANDARD = "gnu++20";
				CLANG_ENABLE_MODULES = YES;
				CLANG_ENABLE_OBJC_ARC = YES;
				CLANG_ENABLE_OBJC_WEAK = YES;
				CLANG_WARN_BLOCK_CAPTURE_AUTORELEASING = YES;
				CLANG_WARN_BOOL_CONVERSION = YES;
				CLANG_WARN_COMMA = YES;
				CLANG_WARN_CONSTANT_CONVERSION = YES;
				CLANG_WARN_DEPRECATED_OBJC_IMPLEMENTATIONS = YES;
				CLANG_WARN_DIRECT_OBJC_ISA_USAGE = YES_ERROR;
				CLANG_WARN_DOCUMENTATION_COMMENTS = YES;
				CLANG_WARN_EMPTY_BODY = YES;
				CLANG_WARN_ENUM_CONVERSION = YES;
				CLANG_WARN_INFINITE_RECURSION = YES;
				CLANG_WARN_INT_CONVERSION = YES;
				CLANG_WARN_NON_LITERAL_NULL_CONVERSION = YES;
				CLANG_WARN_OBJC_IMPLICIT_RETAIN_SELF = YES;
				CLANG_WARN_OBJC_LITERAL_CONVERSION = YES;
				CLANG_WARN_OBJC_ROOT_CLASS = YES_ERROR;
				CLANG_WARN_QUOTED_INCLUDE_IN_FRAMEWORK_HEADER = YES;
				CLANG_WARN_RANGE_LOOP_ANALYSIS = YES;
				CLANG_WARN_STRICT_PROTOTYPES = YES;
				CLANG_WARN_SUSPICIOUS_MOVE = YES;
				CLANG_WARN_UNGUARDED_AVAILABILITY = YES_AGGRESSIVE;
				CLANG_WARN_UNREACHABLE_CODE = YES;
				CLANG_WARN__DUPLICATE_METHOD_MATCH = YES;
				COPY_PHASE_STRIP = NO;
				DEBUG_INFORMATION_FORMAT = dwarf;
				ENABLE_STRICT_OBJC_MSGSEND = YES;
				ENABLE_TESTABILITY = YES;
				ENABLE_USER_SCRIPT_SANDBOXING = YES;
				GCC_C_LANGUAGE_STANDARD = gnu17;
				GCC_DYNAMIC_NO_PIC = NO;
				GCC_NO_COMMON_BLOCKS = YES;
				GCC_OPTIMIZATION_LEVEL = 0;
				GCC_PREPROCESSOR_DEFINITIONS = (
					"DEBUG=1",
					"$(inherited)",
				);
				GCC_WARN_64_TO_32_BIT_CONVERSION = YES;
				GCC_WARN_ABOUT_RETURN_TYPE = YES_ERROR;
				GCC_WARN_UNDECLARED_SELECTOR = YES;
				GCC_WARN_UNINITIALIZED_AUTOS = YES_AGGRESSIVE;
				GCC_WARN_UNUSED_FUNCTION = YES;
				GCC_WARN_UNUSED_VARIABLE = YES;
				IPHONEOS_DEPLOYMENT_TARGET = 18.2;
				LOCALIZATION_PREFERS_STRING_CATALOGS = YES;
				MTL_ENABLE_DEBUG_INFO = INCLUDE_SOURCE;
				MTL_FAST_MATH = YES;
				ONLY_ACTIVE_ARCH = YES;
				SDKROOT = iphoneos;
				SWIFT_ACTIVE_COMPILATION_CONDITIONS = "DEBUG $(inherited)";
				SWIFT_OPTIMIZATION_LEVEL = "-Onone";
			};
			name = Debug;
		};
		6B180D082D1BA580009C32B2 /* Release */ = {
			isa = XCBuildConfiguration;
			buildSettings = {
				ALWAYS_SEARCH_USER_PATHS = NO;
				ASSETCATALOG_COMPILER_GENERATE_SWIFT_ASSET_SYMBOL_EXTENSIONS = YES;
				CLANG_ANALYZER_NONNULL = YES;
				CLANG_ANALYZER_NUMBER_OBJECT_CONVERSION = YES_AGGRESSIVE;
				CLANG_CXX_LANGUAGE_STANDARD = "gnu++20";
				CLANG_ENABLE_MODULES = YES;
				CLANG_ENABLE_OBJC_ARC = YES;
				CLANG_ENABLE_OBJC_WEAK = YES;
				CLANG_WARN_BLOCK_CAPTURE_AUTORELEASING = YES;
				CLANG_WARN_BOOL_CONVERSION = YES;
				CLANG_WARN_COMMA = YES;
				CLANG_WARN_CONSTANT_CONVERSION = YES;
				CLANG_WARN_DEPRECATED_OBJC_IMPLEMENTATIONS = YES;
				CLANG_WARN_DIRECT_OBJC_ISA_USAGE = YES_ERROR;
				CLANG_WARN_DOCUMENTATION_COMMENTS = YES;
				CLANG_WARN_EMPTY_BODY = YES;
				CLANG_WARN_ENUM_CONVERSION = YES;
				CLANG_WARN_INFINITE_RECURSION = YES;
				CLANG_WARN_INT_CONVERSION = YES;
				CLANG_WARN_NON_LITERAL_NULL_CONVERSION = YES;
				CLANG_WARN_OBJC_IMPLICIT_RETAIN_SELF = YES;
				CLANG_WARN_OBJC_LITERAL_CONVERSION = YES;
				CLANG_WARN_OBJC_ROOT_CLASS = YES_ERROR;
				CLANG_WARN_QUOTED_INCLUDE_IN_FRAMEWORK_HEADER = YES;
				CLANG_WARN_RANGE_LOOP_ANALYSIS = YES;
				CLANG_WARN_STRICT_PROTOTYPES = YES;
				CLANG_WARN_SUSPICIOUS_MOVE = YES;
				CLANG_WARN_UNGUARDED_AVAILABILITY = YES_AGGRESSIVE;
				CLANG_WARN_UNREACHABLE_CODE = YES;
				CLANG_WARN__DUPLICATE_METHOD_MATCH = YES;
				COPY_PHASE_STRIP = NO;
				DEBUG_INFORMATION_FORMAT = "dwarf-with-dsym";
				ENABLE_NS_ASSERTIONS = NO;
				ENABLE_STRICT_OBJC_MSGSEND = YES;
				ENABLE_USER_SCRIPT_SANDBOXING = YES;
				GCC_C_LANGUAGE_STANDARD = gnu17;
				GCC_NO_COMMON_BLOCKS = YES;
				GCC_WARN_64_TO_32_BIT_CONVERSION = YES;
				GCC_WARN_ABOUT_RETURN_TYPE = YES_ERROR;
				GCC_WARN_UNDECLARED_SELECTOR = YES;
				GCC_WARN_UNINITIALIZED_AUTOS = YES_AGGRESSIVE;
				GCC_WARN_UNUSED_FUNCTION = YES;
				GCC_WARN_UNUSED_VARIABLE = YES;
				IPHONEOS_DEPLOYMENT_TARGET = 18.2;
				LOCALIZATION_PREFERS_STRING_CATALOGS = YES;
				MTL_ENABLE_DEBUG_INFO = NO;
				MTL_FAST_MATH = YES;
				SDKROOT = iphoneos;
				SWIFT_COMPILATION_MODE = wholemodule;
				VALIDATE_PRODUCT = YES;
			};
			name = Release;
		};
		6B180D0A2D1BA580009C32B2 /* Debug */ = {
			isa = XCBuildConfiguration;
			buildSettings = {
				BUNDLE_LOADER = "$(TEST_HOST)";
				CODE_SIGN_STYLE = Automatic;
				CURRENT_PROJECT_VERSION = 1;
				GENERATE_INFOPLIST_FILE = YES;
				IPHONEOS_DEPLOYMENT_TARGET = 18.2;
				MARKETING_VERSION = 1.0;
				PRODUCT_BUNDLE_IDENTIFIER = com.yagizhitit.AkakceApplicationTests;
				PRODUCT_NAME = "$(TARGET_NAME)";
				SWIFT_EMIT_LOC_STRINGS = NO;
				SWIFT_VERSION = 5.0;
				TARGETED_DEVICE_FAMILY = "1,2";
				TEST_HOST = "$(BUILT_PRODUCTS_DIR)/AkakceApplication.app/$(BUNDLE_EXECUTABLE_FOLDER_PATH)/AkakceApplication";
			};
			name = Debug;
		};
		6B180D0B2D1BA580009C32B2 /* Release */ = {
			isa = XCBuildConfiguration;
			buildSettings = {
				BUNDLE_LOADER = "$(TEST_HOST)";
				CODE_SIGN_STYLE = Automatic;
				CURRENT_PROJECT_VERSION = 1;
				GENERATE_INFOPLIST_FILE = YES;
				IPHONEOS_DEPLOYMENT_TARGET = 18.2;
				MARKETING_VERSION = 1.0;
				PRODUCT_BUNDLE_IDENTIFIER = com.yagizhitit.AkakceApplicationTests;
				PRODUCT_NAME = "$(TARGET_NAME)";
				SWIFT_EMIT_LOC_STRINGS = NO;
				SWIFT_VERSION = 5.0;
				TARGETED_DEVICE_FAMILY = "1,2";
				TEST_HOST = "$(BUILT_PRODUCTS_DIR)/AkakceApplication.app/$(BUNDLE_EXECUTABLE_FOLDER_PATH)/AkakceApplication";
			};
			name = Release;
		};
		6B180D0D2D1BA580009C32B2 /* Debug */ = {
			isa = XCBuildConfiguration;
			buildSettings = {
				CODE_SIGN_STYLE = Automatic;
				CURRENT_PROJECT_VERSION = 1;
				GENERATE_INFOPLIST_FILE = YES;
				MARKETING_VERSION = 1.0;
				PRODUCT_BUNDLE_IDENTIFIER = com.yagizhitit.AkakceApplicationUITests;
				PRODUCT_NAME = "$(TARGET_NAME)";
				SWIFT_EMIT_LOC_STRINGS = NO;
				SWIFT_VERSION = 5.0;
				TARGETED_DEVICE_FAMILY = "1,2";
				TEST_TARGET_NAME = AkakceApplication;
			};
			name = Debug;
		};
		6B180D0E2D1BA580009C32B2 /* Release */ = {
			isa = XCBuildConfiguration;
			buildSettings = {
				CODE_SIGN_STYLE = Automatic;
				CURRENT_PROJECT_VERSION = 1;
				GENERATE_INFOPLIST_FILE = YES;
				MARKETING_VERSION = 1.0;
				PRODUCT_BUNDLE_IDENTIFIER = com.yagizhitit.AkakceApplicationUITests;
				PRODUCT_NAME = "$(TARGET_NAME)";
				SWIFT_EMIT_LOC_STRINGS = NO;
				SWIFT_VERSION = 5.0;
				TARGETED_DEVICE_FAMILY = "1,2";
				TEST_TARGET_NAME = AkakceApplication;
			};
			name = Release;
		};
/* End XCBuildConfiguration section */

/* Begin XCConfigurationList section */
		6B180CD62D1BA57E009C32B2 /* Build configuration list for PBXProject "AkakceApplication" */ = {
			isa = XCConfigurationList;
			buildConfigurations = (
				6B180D072D1BA580009C32B2 /* Debug */,
				6B180D082D1BA580009C32B2 /* Release */,
			);
			defaultConfigurationIsVisible = 0;
			defaultConfigurationName = Release;
		};
		6B180D042D1BA580009C32B2 /* Build configuration list for PBXNativeTarget "AkakceApplication" */ = {
			isa = XCConfigurationList;
			buildConfigurations = (
				6B180D052D1BA580009C32B2 /* Debug */,
				6B180D062D1BA580009C32B2 /* Release */,
			);
			defaultConfigurationIsVisible = 0;
			defaultConfigurationName = Release;
		};
		6B180D092D1BA580009C32B2 /* Build configuration list for PBXNativeTarget "AkakceApplicationTests" */ = {
			isa = XCConfigurationList;
			buildConfigurations = (
				6B180D0A2D1BA580009C32B2 /* Debug */,
				6B180D0B2D1BA580009C32B2 /* Release */,
			);
			defaultConfigurationIsVisible = 0;
			defaultConfigurationName = Release;
		};
		6B180D0C2D1BA580009C32B2 /* Build configuration list for PBXNativeTarget "AkakceApplicationUITests" */ = {
			isa = XCConfigurationList;
			buildConfigurations = (
				6B180D0D2D1BA580009C32B2 /* Debug */,
				6B180D0E2D1BA580009C32B2 /* Release */,
			);
			defaultConfigurationIsVisible = 0;
			defaultConfigurationName = Release;
		};
/* End XCConfigurationList section */
	};
	rootObject = 6B180CD32D1BA57E009C32B2 /* Project object */;
}
